
Microsoft Visual Studio Solution File, Format Version 12.00
# Visual Studio Version 16
VisualStudioVersion = 16.0.30114.105
MinimumVisualStudioVersion = 10.0.40219.1
Project("{FAE04EC0-301F-11D3-BF4B-00C04F79EFBC}") = "TheMachineClient", "TheMachineClient\TheMachineClient.csproj", "{ED3F07AF-738C-481B-9DE3-B69E8A7C7B29}"
EndProject
Global
	GlobalSection(SolutionConfigurationPlatforms) = preSolution
		Debug|Any CPU = Debug|Any CPU
		Release|Any CPU = Release|Any CPU
	EndGlobalSection
	GlobalSection(ProjectConfigurationPlatforms) = postSolution
		{ED3F07AF-738C-481B-9DE3-B69E8A7C7B29}.Debug|Any CPU.ActiveCfg = Debug|Any CPU
		{ED3F07AF-738C-481B-9DE3-B69E8A7C7B29}.Debug|Any CPU.Build.0 = Debug|Any CPU
		{ED3F07AF-738C-481B-9DE3-B69E8A7C7B29}.Release|Any CPU.ActiveCfg = Release|Any CPU
		{ED3F07AF-738C-481B-9DE3-B69E8A7C7B29}.Release|Any CPU.Build.0 = Release|Any CPU
	EndGlobalSection
	GlobalSection(SolutionProperties) = preSolution
		HideSolutionNode = FALSE
	EndGlobalSection
	GlobalSection(ExtensibilityGlobals) = postSolution
		SolutionGuid = {B6126A9B-2F35-4184-9F27-BCEB16078D98}
	EndGlobalSection
EndGlobal
